
Microsoft Visual Studio Solution File, Format Version 12.00
# Visual Studio Version 16
VisualStudioVersion = 16.0.29102.190
MinimumVisualStudioVersion = 10.0.40219.1
Project("{FAE04EC0-301F-11D3-BF4B-00C04F79EFBC}") = "DominoSharpTest", "DominoSharpTest\DominoSharpTest.csproj", "{D8DBA9FD-2045-4D43-A6DE-ECF05158A076}"
EndProject
Global
	GlobalSection(SolutionConfigurationPlatforms) = preSolution
		Debug|Any CPU = Debug|Any CPU
		Release|Any CPU = Release|Any CPU
	EndGlobalSection
	GlobalSection(ProjectConfigurationPlatforms) = postSolution
		{D8DBA9FD-2045-4D43-A6DE-ECF05158A076}.Debug|Any CPU.ActiveCfg = Debug|Any CPU
		{D8DBA9FD-2045-4D43-A6DE-ECF05158A076}.Debug|Any CPU.Build.0 = Debug|Any CPU
		{D8DBA9FD-2045-4D43-A6DE-ECF05158A076}.Release|Any CPU.ActiveCfg = Release|Any CPU
		{D8DBA9FD-2045-4D43-A6DE-ECF05158A076}.Release|Any CPU.Build.0 = Release|Any CPU
	EndGlobalSection
	GlobalSection(SolutionProperties) = preSolution
		HideSolutionNode = FALSE
	EndGlobalSection
	GlobalSection(ExtensibilityGlobals) = postSolution
		SolutionGuid = {53CB76E0-D8EF-42F5-919D-E539F7602317}
	EndGlobalSection
EndGlobal
