
Microsoft Visual Studio Solution File, Format Version 12.00
# Visual Studio Version 16
VisualStudioVersion = 16.0.29102.190
MinimumVisualStudioVersion = 10.0.40219.1
Project("{FAE04EC0-301F-11D3-BF4B-00C04F79EFBC}") = "DominoSharp", "DominoSharp\DominoSharp.csproj", "{8F9DB23C-B428-4415-B7D2-63AD42417C4B}"
EndProject
Project("{FAE04EC0-301F-11D3-BF4B-00C04F79EFBC}") = "DominoSharpTest", "DominoSharpTest\DominoSharpTest.csproj", "{D8DBA9FD-2045-4D43-A6DE-ECF05158A076}"
EndProject
Global
	GlobalSection(SolutionConfigurationPlatforms) = preSolution
		Debug|Any CPU = Debug|Any CPU
		Release|Any CPU = Release|Any CPU
	EndGlobalSection
	GlobalSection(ProjectConfigurationPlatforms) = postSolution
		{8F9DB23C-B428-4415-B7D2-63AD42417C4B}.Debug|Any CPU.ActiveCfg = Debug|Any CPU
		{8F9DB23C-B428-4415-B7D2-63AD42417C4B}.Debug|Any CPU.Build.0 = Debug|Any CPU
		{8F9DB23C-B428-4415-B7D2-63AD42417C4B}.Release|Any CPU.ActiveCfg = Release|Any CPU
		{8F9DB23C-B428-4415-B7D2-63AD42417C4B}.Release|Any CPU.Build.0 = Release|Any CPU
		{D8DBA9FD-2045-4D43-A6DE-ECF05158A076}.Debug|Any CPU.ActiveCfg = Debug|Any CPU
		{D8DBA9FD-2045-4D43-A6DE-ECF05158A076}.Debug|Any CPU.Build.0 = Debug|Any CPU
		{D8DBA9FD-2045-4D43-A6DE-ECF05158A076}.Release|Any CPU.ActiveCfg = Release|Any CPU
		{D8DBA9FD-2045-4D43-A6DE-ECF05158A076}.Release|Any CPU.Build.0 = Release|Any CPU
	EndGlobalSection
	GlobalSection(SolutionProperties) = preSolution
		HideSolutionNode = FALSE
	EndGlobalSection
	GlobalSection(ExtensibilityGlobals) = postSolution
		SolutionGuid = {294158D0-ADF1-4CC7-B44E-D1C9DED481E1}
	EndGlobalSection
EndGlobal
